
Microsoft Visual Studio Solution File, Format Version 12.00
# Visual Studio 2015
Project("{FAE04EC0-301F-11D3-BF4B-00C04F79EFBC}") = "MyProject.CSharp", "MyProject.CSharp.csproj", "{CC21FA8C-A0CB-1026-27C1-F438F0CFC9DE}"
EndProject
Global
	GlobalSection(SolutionConfigurationPlatforms) = preSolution
		Debug|Any CPU = Debug|Any CPU
		Release|Any CPU = Release|Any CPU
	EndGlobalSection
	GlobalSection(ProjectConfigurationPlatforms) = postSolution
		{CC21FA8C-A0CB-1026-27C1-F438F0CFC9DE}.Debug|Any CPU.ActiveCfg = Debug|Any CPU
		{CC21FA8C-A0CB-1026-27C1-F438F0CFC9DE}.Debug|Any CPU.Build.0 = Debug|Any CPU
		{CC21FA8C-A0CB-1026-27C1-F438F0CFC9DE}.Release|Any CPU.ActiveCfg = Release|Any CPU
		{CC21FA8C-A0CB-1026-27C1-F438F0CFC9DE}.Release|Any CPU.Build.0 = Release|Any CPU
	EndGlobalSection
	GlobalSection(SolutionProperties) = preSolution
		HideSolutionNode = FALSE
	EndGlobalSection
EndGlobal
